// !$*UTF8*$!
{
	archiveVersion = 1;
	classes = {
	};
	objectVersion = 46;
	objects = {

/* Begin PBXBuildFile section */
		107C1C4A198BCFDD00E1198E /* Foundation.framework in Frameworks */ = {isa = PBXBuildFile; fileRef = 107C1C49198BCFDD00E1198E /* Foundation.framework */; };
		107C1C4C198BCFDD00E1198E /* CoreGraphics.framework in Frameworks */ = {isa = PBXBuildFile; fileRef = 107C1C4B198BCFDD00E1198E /* CoreGraphics.framework */; };
		107C1C4E198BCFDD00E1198E /* UIKit.framework in Frameworks */ = {isa = PBXBuildFile; fileRef = 107C1C4D198BCFDD00E1198E /* UIKit.framework */; };
		107C1C54198BCFDD00E1198E /* InfoPlist.strings in Resources */ = {isa = PBXBuildFile; fileRef = 107C1C52198BCFDD00E1198E /* InfoPlist.strings */; };
		107C1C56198BCFDD00E1198E /* main.m in Sources */ = {isa = PBXBuildFile; fileRef = 107C1C55198BCFDD00E1198E /* main.m */; };
		107C1C5A198BCFDD00E1198E /* AppDelegate.m in Sources */ = {isa = PBXBuildFile; fileRef = 107C1C59198BCFDD00E1198E /* AppDelegate.m */; };
		107C1C5C198BCFDD00E1198E /* Images.xcassets in Resources */ = {isa = PBXBuildFile; fileRef = 107C1C5B198BCFDD00E1198E /* Images.xcassets */; };
		107C1C63198BCFDD00E1198E /* XCTest.framework in Frameworks */ = {isa = PBXBuildFile; fileRef = 107C1C62198BCFDD00E1198E /* XCTest.framework */; };
		107C1C64198BCFDD00E1198E /* Foundation.framework in Frameworks */ = {isa = PBXBuildFile; fileRef = 107C1C49198BCFDD00E1198E /* Foundation.framework */; };
		107C1C65198BCFDD00E1198E /* UIKit.framework in Frameworks */ = {isa = PBXBuildFile; fileRef = 107C1C4D198BCFDD00E1198E /* UIKit.framework */; };
		107C1C6D198BCFDD00E1198E /* InfoPlist.strings in Resources */ = {isa = PBXBuildFile; fileRef = 107C1C6B198BCFDD00E1198E /* InfoPlist.strings */; };
		107C1C6F198BCFDD00E1198E /* DuiZhunTests.m in Sources */ = {isa = PBXBuildFile; fileRef = 107C1C6E198BCFDD00E1198E /* DuiZhunTests.m */; };
		107C1CED198BD0A800E1198E /* AFHTTPClient.m in Sources */ = {isa = PBXBuildFile; fileRef = 107C1C7B198BD0A800E1198E /* AFHTTPClient.m */; };
		107C1CEE198BD0A800E1198E /* AFHTTPRequestOperation.m in Sources */ = {isa = PBXBuildFile; fileRef = 107C1C7D198BD0A800E1198E /* AFHTTPRequestOperation.m */; };
		107C1CEF198BD0A800E1198E /* AFImageRequestOperation.m in Sources */ = {isa = PBXBuildFile; fileRef = 107C1C7F198BD0A800E1198E /* AFImageRequestOperation.m */; };
		107C1CF0198BD0A800E1198E /* AFJSONRequestOperation.m in Sources */ = {isa = PBXBuildFile; fileRef = 107C1C81198BD0A800E1198E /* AFJSONRequestOperation.m */; };
		107C1CF1198BD0A800E1198E /* AFNetworkActivityIndicatorManager.m in Sources */ = {isa = PBXBuildFile; fileRef = 107C1C83198BD0A800E1198E /* AFNetworkActivityIndicatorManager.m */; };
		107C1CF2198BD0A800E1198E /* AFPropertyListRequestOperation.m in Sources */ = {isa = PBXBuildFile; fileRef = 107C1C86198BD0A800E1198E /* AFPropertyListRequestOperation.m */; };
		107C1CF3198BD0A800E1198E /* AFURLConnectionOperation.m in Sources */ = {isa = PBXBuildFile; fileRef = 107C1C88198BD0A800E1198E /* AFURLConnectionOperation.m */; };
		107C1CF4198BD0A800E1198E /* AFXMLRequestOperation.m in Sources */ = {isa = PBXBuildFile; fileRef = 107C1C8A198BD0A800E1198E /* AFXMLRequestOperation.m */; };
		107C1CF5198BD0A800E1198E /* UIImageView+AFNetworking.m in Sources */ = {isa = PBXBuildFile; fileRef = 107C1C8C198BD0A800E1198E /* UIImageView+AFNetworking.m */; };
		107C1CFB198BD0A800E1198E /* EGORefreshTableHeaderView.m in Sources */ = {isa = PBXBuildFile; fileRef = 107C1CA0198BD0A800E1198E /* EGORefreshTableHeaderView.m */; settings = {COMPILER_FLAGS = "-fno-objc-arc"; }; };
		107C1CFC198BD0A800E1198E /* NSString+Hashing.m in Sources */ = {isa = PBXBuildFile; fileRef = 107C1CA3198BD0A800E1198E /* NSString+Hashing.m */; };
		107C1CFD198BD0A800E1198E /* MBProgressHUD.m in Sources */ = {isa = PBXBuildFile; fileRef = 107C1CCC198BD0A800E1198E /* MBProgressHUD.m */; };
		107C1CFE198BD0A800E1198E /* NSObject+SBJson.m in Sources */ = {isa = PBXBuildFile; fileRef = 107C1CD0198BD0A800E1198E /* NSObject+SBJson.m */; };
		107C1CFF198BD0A800E1198E /* SBJsonParser.m in Sources */ = {isa = PBXBuildFile; fileRef = 107C1CD3198BD0A800E1198E /* SBJsonParser.m */; };
		107C1D00198BD0A800E1198E /* SBJsonStreamParser.m in Sources */ = {isa = PBXBuildFile; fileRef = 107C1CD5198BD0A800E1198E /* SBJsonStreamParser.m */; };
		107C1D01198BD0A800E1198E /* SBJsonStreamParserAccumulator.m in Sources */ = {isa = PBXBuildFile; fileRef = 107C1CD7198BD0A800E1198E /* SBJsonStreamParserAccumulator.m */; };
		107C1D02198BD0A800E1198E /* SBJsonStreamParserAdapter.m in Sources */ = {isa = PBXBuildFile; fileRef = 107C1CD9198BD0A800E1198E /* SBJsonStreamParserAdapter.m */; };
		107C1D03198BD0A800E1198E /* SBJsonStreamParserState.m in Sources */ = {isa = PBXBuildFile; fileRef = 107C1CDB198BD0A800E1198E /* SBJsonStreamParserState.m */; };
		107C1D04198BD0A800E1198E /* SBJsonStreamWriter.m in Sources */ = {isa = PBXBuildFile; fileRef = 107C1CDD198BD0A800E1198E /* SBJsonStreamWriter.m */; };
		107C1D05198BD0A800E1198E /* SBJsonStreamWriterAccumulator.m in Sources */ = {isa = PBXBuildFile; fileRef = 107C1CDF198BD0A800E1198E /* SBJsonStreamWriterAccumulator.m */; };
		107C1D06198BD0A800E1198E /* SBJsonStreamWriterState.m in Sources */ = {isa = PBXBuildFile; fileRef = 107C1CE1198BD0A800E1198E /* SBJsonStreamWriterState.m */; };
		107C1D07198BD0A800E1198E /* SBJsonTokeniser.m in Sources */ = {isa = PBXBuildFile; fileRef = 107C1CE3198BD0A800E1198E /* SBJsonTokeniser.m */; };
		107C1D08198BD0A800E1198E /* SBJsonUTF8Stream.m in Sources */ = {isa = PBXBuildFile; fileRef = 107C1CE5198BD0A800E1198E /* SBJsonUTF8Stream.m */; };
		107C1D09198BD0A800E1198E /* SBJsonWriter.m in Sources */ = {isa = PBXBuildFile; fileRef = 107C1CE7198BD0A800E1198E /* SBJsonWriter.m */; };
		107C1D1F198BD0C500E1198E /* HTTPClient.m in Sources */ = {isa = PBXBuildFile; fileRef = 107C1D0C198BD0C400E1198E /* HTTPClient.m */; };
		107C1D20198BD0C500E1198E /* CacheHanding.m in Sources */ = {isa = PBXBuildFile; fileRef = 107C1D0F198BD0C400E1198E /* CacheHanding.m */; };
		107C1D21198BD0C500E1198E /* ServerRequest.m in Sources */ = {isa = PBXBuildFile; fileRef = 107C1D11198BD0C500E1198E /* ServerRequest.m */; };
		107C1D22198BD0C500E1198E /* BaseNavigationController.m in Sources */ = {isa = PBXBuildFile; fileRef = 107C1D15198BD0C500E1198E /* BaseNavigationController.m */; };
		107C1D23198BD0C500E1198E /* BaseTableViewController.m in Sources */ = {isa = PBXBuildFile; fileRef = 107C1D17198BD0C500E1198E /* BaseTableViewController.m */; };
		107C1D24198BD0C500E1198E /* BaseViewController.m in Sources */ = {isa = PBXBuildFile; fileRef = 107C1D19198BD0C500E1198E /* BaseViewController.m */; };
		107C1D25198BD0C500E1198E /* WebViewController.m in Sources */ = {isa = PBXBuildFile; fileRef = 107C1D1C198BD0C500E1198E /* WebViewController.m */; };
		107C1D26198BD0C500E1198E /* WSScrollViewController.m in Sources */ = {isa = PBXBuildFile; fileRef = 107C1D1E198BD0C500E1198E /* WSScrollViewController.m */; };
		107C1D3D198BD0D000E1198E /* BaseCell.m in Sources */ = {isa = PBXBuildFile; fileRef = 107C1D29198BD0D000E1198E /* BaseCell.m */; };
		107C1D3E198BD0D000E1198E /* BaseModel.m in Sources */ = {isa = PBXBuildFile; fileRef = 107C1D2B198BD0D000E1198E /* BaseModel.m */; };
		107C1D3F198BD0D000E1198E /* CityPickerView.m in Sources */ = {isa = PBXBuildFile; fileRef = 107C1D2D198BD0D000E1198E /* CityPickerView.m */; };
		107C1D40198BD0D000E1198E /* Controllers.m in Sources */ = {isa = PBXBuildFile; fileRef = 107C1D2F198BD0D000E1198E /* Controllers.m */; };
		107C1D41198BD0D000E1198E /* GlobalConfig.m in Sources */ = {isa = PBXBuildFile; fileRef = 107C1D31198BD0D000E1198E /* GlobalConfig.m */; };
		107C1D42198BD0D000E1198E /* MapTest.mm in Sources */ = {isa = PBXBuildFile; fileRef = 107C1D33198BD0D000E1198E /* MapTest.mm */; };
		107C1D43198BD0D000E1198E /* MoshDefine.m in Sources */ = {isa = PBXBuildFile; fileRef = 107C1D35198BD0D000E1198E /* MoshDefine.m */; };
		107C1D44198BD0D000E1198E /* Provinces.plist in Resources */ = {isa = PBXBuildFile; fileRef = 107C1D36198BD0D000E1198E /* Provinces.plist */; };
		107C1D45198BD0D000E1198E /* URLDefine.m in Sources */ = {isa = PBXBuildFile; fileRef = 107C1D38198BD0D000E1198E /* URLDefine.m */; };
		107C1D46198BD0D000E1198E /* WSDatePickerView.m in Sources */ = {isa = PBXBuildFile; fileRef = 107C1D3A198BD0D000E1198E /* WSDatePickerView.m */; };
		107C1D47198BD0D000E1198E /* WSPickerView.m in Sources */ = {isa = PBXBuildFile; fileRef = 107C1D3C198BD0D000E1198E /* WSPickerView.m */; };
		107C1D4F198BD3DB00E1198E /* ConfigViewController.m in Sources */ = {isa = PBXBuildFile; fileRef = 107C1D4D198BD3DB00E1198E /* ConfigViewController.m */; };
		107C1D50198BD3DB00E1198E /* ConfigViewController.xib in Resources */ = {isa = PBXBuildFile; fileRef = 107C1D4E198BD3DB00E1198E /* ConfigViewController.xib */; };
		107C1D54198BD3F900E1198E /* MainViewController.m in Sources */ = {isa = PBXBuildFile; fileRef = 107C1D52198BD3F900E1198E /* MainViewController.m */; };
		107C1D55198BD3F900E1198E /* MainViewController.xib in Resources */ = {isa = PBXBuildFile; fileRef = 107C1D53198BD3F900E1198E /* MainViewController.xib */; };
		107C1D59198BD41100E1198E /* UserViewController.m in Sources */ = {isa = PBXBuildFile; fileRef = 107C1D57198BD41100E1198E /* UserViewController.m */; };
		107C1D5A198BD41100E1198E /* UserViewController.xib in Resources */ = {isa = PBXBuildFile; fileRef = 107C1D58198BD41100E1198E /* UserViewController.xib */; };
		107C1D5E198BD43500E1198E /* TargetListViewController.m in Sources */ = {isa = PBXBuildFile; fileRef = 107C1D5C198BD43500E1198E /* TargetListViewController.m */; };
		107C1D5F198BD43500E1198E /* TargetListViewController.xib in Resources */ = {isa = PBXBuildFile; fileRef = 107C1D5D198BD43500E1198E /* TargetListViewController.xib */; };
		107C1D64198BD4A900E1198E /* ThirdLoginViewController.m in Sources */ = {isa = PBXBuildFile; fileRef = 107C1D62198BD4A900E1198E /* ThirdLoginViewController.m */; };
		107C1D65198BD4A900E1198E /* ThirdLoginViewController.xib in Resources */ = {isa = PBXBuildFile; fileRef = 107C1D63198BD4A900E1198E /* ThirdLoginViewController.xib */; };
		107C1D6A198BD4C500E1198E /* LoginViewController.m in Sources */ = {isa = PBXBuildFile; fileRef = 107C1D68198BD4C500E1198E /* LoginViewController.m */; };
		107C1D6B198BD4C500E1198E /* LoginViewController.xib in Resources */ = {isa = PBXBuildFile; fileRef = 107C1D69198BD4C500E1198E /* LoginViewController.xib */; };
		107C1D70198BD4E200E1198E /* RegViewController.m in Sources */ = {isa = PBXBuildFile; fileRef = 107C1D6E198BD4E200E1198E /* RegViewController.m */; };
		107C1D71198BD4E200E1198E /* RegViewController.xib in Resources */ = {isa = PBXBuildFile; fileRef = 107C1D6F198BD4E200E1198E /* RegViewController.xib */; };
		107C1D76198BD64F00E1198E /* WSTabBarController.m in Sources */ = {isa = PBXBuildFile; fileRef = 107C1D74198BD64F00E1198E /* WSTabBarController.m */; };
		107C1D77198BD64F00E1198E /* WSTabBarController.xib in Resources */ = {isa = PBXBuildFile; fileRef = 107C1D75198BD64F00E1198E /* WSTabBarController.xib */; };
		107C1D7B198BD9B700E1198E /* NavView.m in Sources */ = {isa = PBXBuildFile; fileRef = 107C1D7A198BD9B700E1198E /* NavView.m */; };
		107C1D7D198BD9D300E1198E /* NavView.xib in Resources */ = {isa = PBXBuildFile; fileRef = 107C1D7C198BD9D300E1198E /* NavView.xib */; };
/* End PBXBuildFile section */

/* Begin PBXContainerItemProxy section */
		107C1C66198BCFDD00E1198E /* PBXContainerItemProxy */ = {
			isa = PBXContainerItemProxy;
			containerPortal = 107C1C3E198BCFDD00E1198E /* Project object */;
			proxyType = 1;
			remoteGlobalIDString = 107C1C45198BCFDD00E1198E;
			remoteInfo = DuiZhun;
		};
/* End PBXContainerItemProxy section */

/* Begin PBXFileReference section */
		107C1C46198BCFDD00E1198E /* DuiZhun.app */ = {isa = PBXFileReference; explicitFileType = wrapper.application; includeInIndex = 0; path = DuiZhun.app; sourceTree = BUILT_PRODUCTS_DIR; };
		107C1C49198BCFDD00E1198E /* Foundation.framework */ = {isa = PBXFileReference; lastKnownFileType = wrapper.framework; name = Foundation.framework; path = System/Library/Frameworks/Foundation.framework; sourceTree = SDKROOT; };
		107C1C4B198BCFDD00E1198E /* CoreGraphics.framework */ = {isa = PBXFileReference; lastKnownFileType = wrapper.framework; name = CoreGraphics.framework; path = System/Library/Frameworks/CoreGraphics.framework; sourceTree = SDKROOT; };
		107C1C4D198BCFDD00E1198E /* UIKit.framework */ = {isa = PBXFileReference; lastKnownFileType = wrapper.framework; name = UIKit.framework; path = System/Library/Frameworks/UIKit.framework; sourceTree = SDKROOT; };
		107C1C51198BCFDD00E1198E /* DuiZhun-Info.plist */ = {isa = PBXFileReference; lastKnownFileType = text.plist.xml; path = "DuiZhun-Info.plist"; sourceTree = "<group>"; };
		107C1C53198BCFDD00E1198E /* en */ = {isa = PBXFileReference; lastKnownFileType = text.plist.strings; name = en; path = en.lproj/InfoPlist.strings; sourceTree = "<group>"; };
		107C1C55198BCFDD00E1198E /* main.m */ = {isa = PBXFileReference; lastKnownFileType = sourcecode.c.objc; path = main.m; sourceTree = "<group>"; };
		107C1C57198BCFDD00E1198E /* DuiZhun-Prefix.pch */ = {isa = PBXFileReference; lastKnownFileType = sourcecode.c.h; path = "DuiZhun-Prefix.pch"; sourceTree = "<group>"; };
		107C1C58198BCFDD00E1198E /* AppDelegate.h */ = {isa = PBXFileReference; lastKnownFileType = sourcecode.c.h; path = AppDelegate.h; sourceTree = "<group>"; };
		107C1C59198BCFDD00E1198E /* AppDelegate.m */ = {isa = PBXFileReference; lastKnownFileType = sourcecode.c.objc; path = AppDelegate.m; sourceTree = "<group>"; };
		107C1C5B198BCFDD00E1198E /* Images.xcassets */ = {isa = PBXFileReference; lastKnownFileType = folder.assetcatalog; path = Images.xcassets; sourceTree = "<group>"; };
		107C1C61198BCFDD00E1198E /* DuiZhunTests.xctest */ = {isa = PBXFileReference; explicitFileType = wrapper.cfbundle; includeInIndex = 0; path = DuiZhunTests.xctest; sourceTree = BUILT_PRODUCTS_DIR; };
		107C1C62198BCFDD00E1198E /* XCTest.framework */ = {isa = PBXFileReference; lastKnownFileType = wrapper.framework; name = XCTest.framework; path = Library/Frameworks/XCTest.framework; sourceTree = DEVELOPER_DIR; };
		107C1C6A198BCFDD00E1198E /* DuiZhunTests-Info.plist */ = {isa = PBXFileReference; lastKnownFileType = text.plist.xml; path = "DuiZhunTests-Info.plist"; sourceTree = "<group>"; };
		107C1C6C198BCFDD00E1198E /* en */ = {isa = PBXFileReference; lastKnownFileType = text.plist.strings; name = en; path = en.lproj/InfoPlist.strings; sourceTree = "<group>"; };
		107C1C6E198BCFDD00E1198E /* DuiZhunTests.m */ = {isa = PBXFileReference; lastKnownFileType = sourcecode.c.objc; path = DuiZhunTests.m; sourceTree = "<group>"; };
		107C1C7A198BD0A800E1198E /* AFHTTPClient.h */ = {isa = PBXFileReference; fileEncoding = 4; lastKnownFileType = sourcecode.c.h; path = AFHTTPClient.h; sourceTree = "<group>"; };
		107C1C7B198BD0A800E1198E /* AFHTTPClient.m */ = {isa = PBXFileReference; fileEncoding = 4; lastKnownFileType = sourcecode.c.objc; path = AFHTTPClient.m; sourceTree = "<group>"; };
		107C1C7C198BD0A800E1198E /* AFHTTPRequestOperation.h */ = {isa = PBXFileReference; fileEncoding = 4; lastKnownFileType = sourcecode.c.h; path = AFHTTPRequestOperation.h; sourceTree = "<group>"; };
		107C1C7D198BD0A800E1198E /* AFHTTPRequestOperation.m */ = {isa = PBXFileReference; fileEncoding = 4; lastKnownFileType = sourcecode.c.objc; path = AFHTTPRequestOperation.m; sourceTree = "<group>"; };
		107C1C7E198BD0A800E1198E /* AFImageRequestOperation.h */ = {isa = PBXFileReference; fileEncoding = 4; lastKnownFileType = sourcecode.c.h; path = AFImageRequestOperation.h; sourceTree = "<group>"; };
		107C1C7F198BD0A800E1198E /* AFImageRequestOperation.m */ = {isa = PBXFileReference; fileEncoding = 4; lastKnownFileType = sourcecode.c.objc; path = AFImageRequestOperation.m; sourceTree = "<group>"; };
		107C1C80198BD0A800E1198E /* AFJSONRequestOperation.h */ = {isa = PBXFileReference; fileEncoding = 4; lastKnownFileType = sourcecode.c.h; path = AFJSONRequestOperation.h; sourceTree = "<group>"; };
		107C1C81198BD0A800E1198E /* AFJSONRequestOperation.m */ = {isa = PBXFileReference; fileEncoding = 4; lastKnownFileType = sourcecode.c.objc; path = AFJSONRequestOperation.m; sourceTree = "<group>"; };
		107C1C82198BD0A800E1198E /* AFNetworkActivityIndicatorManager.h */ = {isa = PBXFileReference; fileEncoding = 4; lastKnownFileType = sourcecode.c.h; path = AFNetworkActivityIndicatorManager.h; sourceTree = "<group>"; };
		107C1C83198BD0A800E1198E /* AFNetworkActivityIndicatorManager.m */ = {isa = PBXFileReference; fileEncoding = 4; lastKnownFileType = sourcecode.c.objc; path = AFNetworkActivityIndicatorManager.m; sourceTree = "<group>"; };
		107C1C84198BD0A800E1198E /* AFNetworking.h */ = {isa = PBXFileReference; fileEncoding = 4; lastKnownFileType = sourcecode.c.h; path = AFNetworking.h; sourceTree = "<group>"; };
		107C1C85198BD0A800E1198E /* AFPropertyListRequestOperation.h */ = {isa = PBXFileReference; fileEncoding = 4; lastKnownFileType = sourcecode.c.h; path = AFPropertyListRequestOperation.h; sourceTree = "<group>"; };
		107C1C86198BD0A800E1198E /* AFPropertyListRequestOperation.m */ = {isa = PBXFileReference; fileEncoding = 4; lastKnownFileType = sourcecode.c.objc; path = AFPropertyListRequestOperation.m; sourceTree = "<group>"; };
		107C1C87198BD0A800E1198E /* AFURLConnectionOperation.h */ = {isa = PBXFileReference; fileEncoding = 4; lastKnownFileType = sourcecode.c.h; path = AFURLConnectionOperation.h; sourceTree = "<group>"; };
		107C1C88198BD0A800E1198E /* AFURLConnectionOperation.m */ = {isa = PBXFileReference; fileEncoding = 4; lastKnownFileType = sourcecode.c.objc; path = AFURLConnectionOperation.m; sourceTree = "<group>"; };
		107C1C89198BD0A800E1198E /* AFXMLRequestOperation.h */ = {isa = PBXFileReference; fileEncoding = 4; lastKnownFileType = sourcecode.c.h; path = AFXMLRequestOperation.h; sourceTree = "<group>"; };
		107C1C8A198BD0A800E1198E /* AFXMLRequestOperation.m */ = {isa = PBXFileReference; fileEncoding = 4; lastKnownFileType = sourcecode.c.objc; path = AFXMLRequestOperation.m; sourceTree = "<group>"; };
		107C1C8B198BD0A800E1198E /* UIImageView+AFNetworking.h */ = {isa = PBXFileReference; fileEncoding = 4; lastKnownFileType = sourcecode.c.h; path = "UIImageView+AFNetworking.h"; sourceTree = "<group>"; };
		107C1C8C198BD0A800E1198E /* UIImageView+AFNetworking.m */ = {isa = PBXFileReference; fileEncoding = 4; lastKnownFileType = sourcecode.c.objc; path = "UIImageView+AFNetworking.m"; sourceTree = "<group>"; };
		107C1C9F198BD0A800E1198E /* EGORefreshTableHeaderView.h */ = {isa = PBXFileReference; fileEncoding = 4; lastKnownFileType = sourcecode.c.h; path = EGORefreshTableHeaderView.h; sourceTree = "<group>"; };
		107C1CA0198BD0A800E1198E /* EGORefreshTableHeaderView.m */ = {isa = PBXFileReference; fileEncoding = 4; lastKnownFileType = sourcecode.c.objc; path = EGORefreshTableHeaderView.m; sourceTree = "<group>"; };
		107C1CA2198BD0A800E1198E /* NSString+Hashing.h */ = {isa = PBXFileReference; fileEncoding = 4; lastKnownFileType = sourcecode.c.h; path = "NSString+Hashing.h"; sourceTree = "<group>"; };
		107C1CA3198BD0A800E1198E /* NSString+Hashing.m */ = {isa = PBXFileReference; fileEncoding = 4; lastKnownFileType = sourcecode.c.objc; path = "NSString+Hashing.m"; sourceTree = "<group>"; };
		107C1CA5198BD0A800E1198E /* BMapKit.h */ = {isa = PBXFileReference; fileEncoding = 4; lastKnownFileType = sourcecode.c.h; path = BMapKit.h; sourceTree = "<group>"; };
		107C1CA6198BD0A800E1198E /* BMKActionPaopaoView.h */ = {isa = PBXFileReference; fileEncoding = 4; lastKnownFileType = sourcecode.c.h; path = BMKActionPaopaoView.h; sourceTree = "<group>"; };
		107C1CA7198BD0A800E1198E /* BMKAnnotation.h */ = {isa = PBXFileReference; fileEncoding = 4; lastKnownFileType = sourcecode.c.h; path = BMKAnnotation.h; sourceTree = "<group>"; };
		107C1CA8198BD0A800E1198E /* BMKAnnotationView.h */ = {isa = PBXFileReference; fileEncoding = 4; lastKnownFileType = sourcecode.c.h; path = BMKAnnotationView.h; sourceTree = "<group>"; };
		107C1CA9198BD0A800E1198E /* BMKArcline.h */ = {isa = PBXFileReference; fileEncoding = 4; lastKnownFileType = sourcecode.c.h; path = BMKArcline.h; sourceTree = "<group>"; };
		107C1CAA198BD0A800E1198E /* BMKArclineView.h */ = {isa = PBXFileReference; fileEncoding = 4; lastKnownFileType = sourcecode.c.h; path = BMKArclineView.h; sourceTree = "<group>"; };
		107C1CAB198BD0A800E1198E /* BMKBaseComponent.h */ = {isa = PBXFileReference; fileEncoding = 4; lastKnownFileType = sourcecode.c.h; path = BMKBaseComponent.h; sourceTree = "<group>"; };
		107C1CAC198BD0A800E1198E /* BMKCircle.h */ = {isa = PBXFileReference; fileEncoding = 4; lastKnownFileType = sourcecode.c.h; path = BMKCircle.h; sourceTree = "<group>"; };
		107C1CAD198BD0A800E1198E /* BMKCircleView.h */ = {isa = PBXFileReference; fileEncoding = 4; lastKnownFileType = sourcecode.c.h; path = BMKCircleView.h; sourceTree = "<group>"; };
		107C1CAE198BD0A800E1198E /* BMKGeneralDelegate.h */ = {isa = PBXFileReference; fileEncoding = 4; lastKnownFileType = sourcecode.c.h; path = BMKGeneralDelegate.h; sourceTree = "<group>"; };
		107C1CAF198BD0A800E1198E /* BMKGroundOverlay.h */ = {isa = PBXFileReference; fileEncoding = 4; lastKnownFileType = sourcecode.c.h; path = BMKGroundOverlay.h; sourceTree = "<group>"; };
		107C1CB0198BD0A800E1198E /* BMKGroundOverlayView.h */ = {isa = PBXFileReference; fileEncoding = 4; lastKnownFileType = sourcecode.c.h; path = BMKGroundOverlayView.h; sourceTree = "<group>"; };
		107C1CB1198BD0A800E1198E /* BMKLocationComponent.h */ = {isa = PBXFileReference; fileEncoding = 4; lastKnownFileType = sourcecode.c.h; path = BMKLocationComponent.h; sourceTree = "<group>"; };
		107C1CB2198BD0A800E1198E /* BMKLocationService.h */ = {isa = PBXFileReference; fileEncoding = 4; lastKnownFileType = sourcecode.c.h; path = BMKLocationService.h; sourceTree = "<group>"; };
		107C1CB3198BD0A800E1198E /* BMKLocationViewDisplayParam.h */ = {isa = PBXFileReference; fileEncoding = 4; lastKnownFileType = sourcecode.c.h; path = BMKLocationViewDisplayParam.h; sourceTree = "<group>"; };
		107C1CB4198BD0A800E1198E /* BMKMapComponent.h */ = {isa = PBXFileReference; fileEncoding = 4; lastKnownFileType = sourcecode.c.h; path = BMKMapComponent.h; sourceTree = "<group>"; };
		107C1CB5198BD0A800E1198E /* BMKMapManager.h */ = {isa = PBXFileReference; fileEncoding = 4; lastKnownFileType = sourcecode.c.h; path = BMKMapManager.h; sourceTree = "<group>"; };
		107C1CB6198BD0A800E1198E /* BMKMapStatus.h */ = {isa = PBXFileReference; fileEncoding = 4; lastKnownFileType = sourcecode.c.h; path = BMKMapStatus.h; sourceTree = "<group>"; };
		107C1CB7198BD0A800E1198E /* BMKMapView.h */ = {isa = PBXFileReference; fileEncoding = 4; lastKnownFileType = sourcecode.c.h; path = BMKMapView.h; sourceTree = "<group>"; };
		107C1CB8198BD0A800E1198E /* BMKMultiPoint.h */ = {isa = PBXFileReference; fileEncoding = 4; lastKnownFileType = sourcecode.c.h; path = BMKMultiPoint.h; sourceTree = "<group>"; };
		107C1CB9198BD0A800E1198E /* BMKOfflineMap.h */ = {isa = PBXFileReference; fileEncoding = 4; lastKnownFileType = sourcecode.c.h; path = BMKOfflineMap.h; sourceTree = "<group>"; };
		107C1CBA198BD0A800E1198E /* BMKOfflineMapType.h */ = {isa = PBXFileReference; fileEncoding = 4; lastKnownFileType = sourcecode.c.h; path = BMKOfflineMapType.h; sourceTree = "<group>"; };
		107C1CBB198BD0A800E1198E /* BMKOverlay.h */ = {isa = PBXFileReference; fileEncoding = 4; lastKnownFileType = sourcecode.c.h; path = BMKOverlay.h; sourceTree = "<group>"; };
		107C1CBC198BD0A800E1198E /* BMKOverlayGLBasicView.h */ = {isa = PBXFileReference; fileEncoding = 4; lastKnownFileType = sourcecode.c.h; path = BMKOverlayGLBasicView.h; sourceTree = "<group>"; };
		107C1CBD198BD0A800E1198E /* BMKOverlayPathView.h */ = {isa = PBXFileReference; fileEncoding = 4; lastKnownFileType = sourcecode.c.h; path = BMKOverlayPathView.h; sourceTree = "<group>"; };
		107C1CBE198BD0A800E1198E /* BMKOverlayView.h */ = {isa = PBXFileReference; fileEncoding = 4; lastKnownFileType = sourcecode.c.h; path = BMKOverlayView.h; sourceTree = "<group>"; };
		107C1CBF198BD0A800E1198E /* BMKPinAnnotationView.h */ = {isa = PBXFileReference; fileEncoding = 4; lastKnownFileType = sourcecode.c.h; path = BMKPinAnnotationView.h; sourceTree = "<group>"; };
		107C1CC0198BD0A800E1198E /* BMKPointAnnotation.h */ = {isa = PBXFileReference; fileEncoding = 4; lastKnownFileType = sourcecode.c.h; path = BMKPointAnnotation.h; sourceTree = "<group>"; };
		107C1CC1198BD0A800E1198E /* BMKPolygon.h */ = {isa = PBXFileReference; fileEncoding = 4; lastKnownFileType = sourcecode.c.h; path = BMKPolygon.h; sourceTree = "<group>"; };
		107C1CC2198BD0A800E1198E /* BMKPolygonView.h */ = {isa = PBXFileReference; fileEncoding = 4; lastKnownFileType = sourcecode.c.h; path = BMKPolygonView.h; sourceTree = "<group>"; };
		107C1CC3198BD0A800E1198E /* BMKPolyline.h */ = {isa = PBXFileReference; fileEncoding = 4; lastKnownFileType = sourcecode.c.h; path = BMKPolyline.h; sourceTree = "<group>"; };
		107C1CC4198BD0A800E1198E /* BMKPolylineView.h */ = {isa = PBXFileReference; fileEncoding = 4; lastKnownFileType = sourcecode.c.h; path = BMKPolylineView.h; sourceTree = "<group>"; };
		107C1CC5198BD0A800E1198E /* BMKShape.h */ = {isa = PBXFileReference; fileEncoding = 4; lastKnownFileType = sourcecode.c.h; path = BMKShape.h; sourceTree = "<group>"; };
		107C1CC6198BD0A800E1198E /* BMKTypes.h */ = {isa = PBXFileReference; fileEncoding = 4; lastKnownFileType = sourcecode.c.h; path = BMKTypes.h; sourceTree = "<group>"; };
		107C1CC7198BD0A800E1198E /* BMKUserLocation.h */ = {isa = PBXFileReference; fileEncoding = 4; lastKnownFileType = sourcecode.c.h; path = BMKUserLocation.h; sourceTree = "<group>"; };
		107C1CC8198BD0A800E1198E /* BMKVersion.h */ = {isa = PBXFileReference; fileEncoding = 4; lastKnownFileType = sourcecode.c.h; path = BMKVersion.h; sourceTree = "<group>"; };
		107C1CCB198BD0A800E1198E /* MBProgressHUD.h */ = {isa = PBXFileReference; fileEncoding = 4; lastKnownFileType = sourcecode.c.h; path = MBProgressHUD.h; sourceTree = "<group>"; };
		107C1CCC198BD0A800E1198E /* MBProgressHUD.m */ = {isa = PBXFileReference; fileEncoding = 4; lastKnownFileType = sourcecode.c.objc; path = MBProgressHUD.m; sourceTree = "<group>"; };
		107C1CCF198BD0A800E1198E /* NSObject+SBJson.h */ = {isa = PBXFileReference; fileEncoding = 4; lastKnownFileType = sourcecode.c.h; path = "NSObject+SBJson.h"; sourceTree = "<group>"; };
		107C1CD0198BD0A800E1198E /* NSObject+SBJson.m */ = {isa = PBXFileReference; fileEncoding = 4; lastKnownFileType = sourcecode.c.objc; path = "NSObject+SBJson.m"; sourceTree = "<group>"; };
		107C1CD1198BD0A800E1198E /* SBJson.h */ = {isa = PBXFileReference; fileEncoding = 4; lastKnownFileType = sourcecode.c.h; path = SBJson.h; sourceTree = "<group>"; };
		107C1CD2198BD0A800E1198E /* SBJsonParser.h */ = {isa = PBXFileReference; fileEncoding = 4; lastKnownFileType = sourcecode.c.h; path = SBJsonParser.h; sourceTree = "<group>"; };
		107C1CD3198BD0A800E1198E /* SBJsonParser.m */ = {isa = PBXFileReference; fileEncoding = 4; lastKnownFileType = sourcecode.c.objc; path = SBJsonParser.m; sourceTree = "<group>"; };
		107C1CD4198BD0A800E1198E /* SBJsonStreamParser.h */ = {isa = PBXFileReference; fileEncoding = 4; lastKnownFileType = sourcecode.c.h; path = SBJsonStreamParser.h; sourceTree = "<group>"; };
		107C1CD5198BD0A800E1198E /* SBJsonStreamParser.m */ = {isa = PBXFileReference; fileEncoding = 4; lastKnownFileType = sourcecode.c.objc; path = SBJsonStreamParser.m; sourceTree = "<group>"; };
		107C1CD6198BD0A800E1198E /* SBJsonStreamParserAccumulator.h */ = {isa = PBXFileReference; fileEncoding = 4; lastKnownFileType = sourcecode.c.h; path = SBJsonStreamParserAccumulator.h; sourceTree = "<group>"; };
		107C1CD7198BD0A800E1198E /* SBJsonStreamParserAccumulator.m */ = {isa = PBXFileReference; fileEncoding = 4; lastKnownFileType = sourcecode.c.objc; path = SBJsonStreamParserAccumulator.m; sourceTree = "<group>"; };
		107C1CD8198BD0A800E1198E /* SBJsonStreamParserAdapter.h */ = {isa = PBXFileReference; fileEncoding = 4; lastKnownFileType = sourcecode.c.h; path = SBJsonStreamParserAdapter.h; sourceTree = "<group>"; };
		107C1CD9198BD0A800E1198E /* SBJsonStreamParserAdapter.m */ = {isa = PBXFileReference; fileEncoding = 4; lastKnownFileType = sourcecode.c.objc; path = SBJsonStreamParserAdapter.m; sourceTree = "<group>"; };
		107C1CDA198BD0A800E1198E /* SBJsonStreamParserState.h */ = {isa = PBXFileReference; fileEncoding = 4; lastKnownFileType = sourcecode.c.h; path = SBJsonStreamParserState.h; sourceTree = "<group>"; };
		107C1CDB198BD0A800E1198E /* SBJsonStreamParserState.m */ = {isa = PBXFileReference; fileEncoding = 4; lastKnownFileType = sourcecode.c.objc; path = SBJsonStreamParserState.m; sourceTree = "<group>"; };
		107C1CDC198BD0A800E1198E /* SBJsonStreamWriter.h */ = {isa = PBXFileReference; fileEncoding = 4; lastKnownFileType = sourcecode.c.h; path = SBJsonStreamWriter.h; sourceTree = "<group>"; };
		107C1CDD198BD0A800E1198E /* SBJsonStreamWriter.m */ = {isa = PBXFileReference; fileEncoding = 4; lastKnownFileType = sourcecode.c.objc; path = SBJsonStreamWriter.m; sourceTree = "<group>"; };
		107C1CDE198BD0A800E1198E /* SBJsonStreamWriterAccumulator.h */ = {isa = PBXFileReference; fileEncoding = 4; lastKnownFileType = sourcecode.c.h; path = SBJsonStreamWriterAccumulator.h; sourceTree = "<group>"; };
		107C1CDF198BD0A800E1198E /* SBJsonStreamWriterAccumulator.m */ = {isa = PBXFileReference; fileEncoding = 4; lastKnownFileType = sourcecode.c.objc; path = SBJsonStreamWriterAccumulator.m; sourceTree = "<group>"; };
		107C1CE0198BD0A800E1198E /* SBJsonStreamWriterState.h */ = {isa = PBXFileReference; fileEncoding = 4; lastKnownFileType = sourcecode.c.h; path = SBJsonStreamWriterState.h; sourceTree = "<group>"; };
		107C1CE1198BD0A800E1198E /* SBJsonStreamWriterState.m */ = {isa = PBXFileReference; fileEncoding = 4; lastKnownFileType = sourcecode.c.objc; path = SBJsonStreamWriterState.m; sourceTree = "<group>"; };
		107C1CE2198BD0A800E1198E /* SBJsonTokeniser.h */ = {isa = PBXFileReference; fileEncoding = 4; lastKnownFileType = sourcecode.c.h; path = SBJsonTokeniser.h; sourceTree = "<group>"; };
		107C1CE3198BD0A800E1198E /* SBJsonTokeniser.m */ = {isa = PBXFileReference; fileEncoding = 4; lastKnownFileType = sourcecode.c.objc; path = SBJsonTokeniser.m; sourceTree = "<group>"; };
		107C1CE4198BD0A800E1198E /* SBJsonUTF8Stream.h */ = {isa = PBXFileReference; fileEncoding = 4; lastKnownFileType = sourcecode.c.h; path = SBJsonUTF8Stream.h; sourceTree = "<group>"; };
		107C1CE5198BD0A800E1198E /* SBJsonUTF8Stream.m */ = {isa = PBXFileReference; fileEncoding = 4; lastKnownFileType = sourcecode.c.objc; path = SBJsonUTF8Stream.m; sourceTree = "<group>"; };
		107C1CE6198BD0A800E1198E /* SBJsonWriter.h */ = {isa = PBXFileReference; fileEncoding = 4; lastKnownFileType = sourcecode.c.h; path = SBJsonWriter.h; sourceTree = "<group>"; };
		107C1CE7198BD0A800E1198E /* SBJsonWriter.m */ = {isa = PBXFileReference; fileEncoding = 4; lastKnownFileType = sourcecode.c.objc; path = SBJsonWriter.m; sourceTree = "<group>"; };
		107C1D0B198BD0C400E1198E /* HTTPClient.h */ = {isa = PBXFileReference; fileEncoding = 4; lastKnownFileType = sourcecode.c.h; path = HTTPClient.h; sourceTree = "<group>"; };
		107C1D0C198BD0C400E1198E /* HTTPClient.m */ = {isa = PBXFileReference; fileEncoding = 4; lastKnownFileType = sourcecode.c.objc; path = HTTPClient.m; sourceTree = "<group>"; };
		107C1D0E198BD0C400E1198E /* CacheHanding.h */ = {isa = PBXFileReference; fileEncoding = 4; lastKnownFileType = sourcecode.c.h; path = CacheHanding.h; sourceTree = "<group>"; };
		107C1D0F198BD0C400E1198E /* CacheHanding.m */ = {isa = PBXFileReference; fileEncoding = 4; lastKnownFileType = sourcecode.c.objc; path = CacheHanding.m; sourceTree = "<group>"; };
		107C1D10198BD0C400E1198E /* ServerRequest.h */ = {isa = PBXFileReference; fileEncoding = 4; lastKnownFileType = sourcecode.c.h; path = ServerRequest.h; sourceTree = "<group>"; };
		107C1D11198BD0C500E1198E /* ServerRequest.m */ = {isa = PBXFileReference; fileEncoding = 4; lastKnownFileType = sourcecode.c.objc; path = ServerRequest.m; sourceTree = "<group>"; };
		107C1D14198BD0C500E1198E /* BaseNavigationController.h */ = {isa = PBXFileReference; fileEncoding = 4; lastKnownFileType = sourcecode.c.h; path = BaseNavigationController.h; sourceTree = "<group>"; };
		107C1D15198BD0C500E1198E /* BaseNavigationController.m */ = {isa = PBXFileReference; fileEncoding = 4; lastKnownFileType = sourcecode.c.objc; path = BaseNavigationController.m; sourceTree = "<group>"; };
		107C1D16198BD0C500E1198E /* BaseTableViewController.h */ = {isa = PBXFileReference; fileEncoding = 4; lastKnownFileType = sourcecode.c.h; path = BaseTableViewController.h; sourceTree = "<group>"; };
		107C1D17198BD0C500E1198E /* BaseTableViewController.m */ = {isa = PBXFileReference; fileEncoding = 4; lastKnownFileType = sourcecode.c.objc; path = BaseTableViewController.m; sourceTree = "<group>"; };
		107C1D18198BD0C500E1198E /* BaseViewController.h */ = {isa = PBXFileReference; fileEncoding = 4; lastKnownFileType = sourcecode.c.h; path = BaseViewController.h; sourceTree = "<group>"; };
		107C1D19198BD0C500E1198E /* BaseViewController.m */ = {isa = PBXFileReference; fileEncoding = 4; lastKnownFileType = sourcecode.c.objc; path = BaseViewController.m; sourceTree = "<group>"; };
		107C1D1B198BD0C500E1198E /* WebViewController.h */ = {isa = PBXFileReference; fileEncoding = 4; lastKnownFileType = sourcecode.c.h; path = WebViewController.h; sourceTree = "<group>"; };
		107C1D1C198BD0C500E1198E /* WebViewController.m */ = {isa = PBXFileReference; fileEncoding = 4; lastKnownFileType = sourcecode.c.objc; path = WebViewController.m; sourceTree = "<group>"; };
		107C1D1D198BD0C500E1198E /* WSScrollViewController.h */ = {isa = PBXFileReference; fileEncoding = 4; lastKnownFileType = sourcecode.c.h; path = WSScrollViewController.h; sourceTree = "<group>"; };
		107C1D1E198BD0C500E1198E /* WSScrollViewController.m */ = {isa = PBXFileReference; fileEncoding = 4; lastKnownFileType = sourcecode.c.objc; path = WSScrollViewController.m; sourceTree = "<group>"; };
		107C1D28198BD0D000E1198E /* BaseCell.h */ = {isa = PBXFileReference; fileEncoding = 4; lastKnownFileType = sourcecode.c.h; path = BaseCell.h; sourceTree = "<group>"; };
		107C1D29198BD0D000E1198E /* BaseCell.m */ = {isa = PBXFileReference; fileEncoding = 4; lastKnownFileType = sourcecode.c.objc; path = BaseCell.m; sourceTree = "<group>"; };
		107C1D2A198BD0D000E1198E /* BaseModel.h */ = {isa = PBXFileReference; fileEncoding = 4; lastKnownFileType = sourcecode.c.h; path = BaseModel.h; sourceTree = "<group>"; };
		107C1D2B198BD0D000E1198E /* BaseModel.m */ = {isa = PBXFileReference; fileEncoding = 4; lastKnownFileType = sourcecode.c.objc; path = BaseModel.m; sourceTree = "<group>"; };
		107C1D2C198BD0D000E1198E /* CityPickerView.h */ = {isa = PBXFileReference; fileEncoding = 4; lastKnownFileType = sourcecode.c.h; path = CityPickerView.h; sourceTree = "<group>"; };
		107C1D2D198BD0D000E1198E /* CityPickerView.m */ = {isa = PBXFileReference; fileEncoding = 4; lastKnownFileType = sourcecode.c.objc; path = CityPickerView.m; sourceTree = "<group>"; };
		107C1D2E198BD0D000E1198E /* Controllers.h */ = {isa = PBXFileReference; fileEncoding = 4; lastKnownFileType = sourcecode.c.h; path = Controllers.h; sourceTree = "<group>"; };
		107C1D2F198BD0D000E1198E /* Controllers.m */ = {isa = PBXFileReference; fileEncoding = 4; lastKnownFileType = sourcecode.c.objc; path = Controllers.m; sourceTree = "<group>"; };
		107C1D30198BD0D000E1198E /* GlobalConfig.h */ = {isa = PBXFileReference; fileEncoding = 4; lastKnownFileType = sourcecode.c.h; path = GlobalConfig.h; sourceTree = "<group>"; };
		107C1D31198BD0D000E1198E /* GlobalConfig.m */ = {isa = PBXFileReference; fileEncoding = 4; lastKnownFileType = sourcecode.c.objc; path = GlobalConfig.m; sourceTree = "<group>"; };
		107C1D32198BD0D000E1198E /* MapTest.h */ = {isa = PBXFileReference; fileEncoding = 4; lastKnownFileType = sourcecode.c.h; path = MapTest.h; sourceTree = "<group>"; };
		107C1D33198BD0D000E1198E /* MapTest.mm */ = {isa = PBXFileReference; fileEncoding = 4; lastKnownFileType = sourcecode.cpp.objcpp; path = MapTest.mm; sourceTree = "<group>"; };
		107C1D34198BD0D000E1198E /* MoshDefine.h */ = {isa = PBXFileReference; fileEncoding = 4; lastKnownFileType = sourcecode.c.h; path = MoshDefine.h; sourceTree = "<group>"; };
		107C1D35198BD0D000E1198E /* MoshDefine.m */ = {isa = PBXFileReference; fileEncoding = 4; lastKnownFileType = sourcecode.c.objc; path = MoshDefine.m; sourceTree = "<group>"; };
		107C1D36198BD0D000E1198E /* Provinces.plist */ = {isa = PBXFileReference; fileEncoding = 4; lastKnownFileType = text.plist.xml; path = Provinces.plist; sourceTree = "<group>"; };
		107C1D37198BD0D000E1198E /* URLDefine.h */ = {isa = PBXFileReference; fileEncoding = 4; lastKnownFileType = sourcecode.c.h; path = URLDefine.h; sourceTree = "<group>"; };
		107C1D38198BD0D000E1198E /* URLDefine.m */ = {isa = PBXFileReference; fileEncoding = 4; lastKnownFileType = sourcecode.c.objc; path = URLDefine.m; sourceTree = "<group>"; };
		107C1D39198BD0D000E1198E /* WSDatePickerView.h */ = {isa = PBXFileReference; fileEncoding = 4; lastKnownFileType = sourcecode.c.h; path = WSDatePickerView.h; sourceTree = "<group>"; };
		107C1D3A198BD0D000E1198E /* WSDatePickerView.m */ = {isa = PBXFileReference; fileEncoding = 4; lastKnownFileType = sourcecode.c.objc; path = WSDatePickerView.m; sourceTree = "<group>"; };
		107C1D3B198BD0D000E1198E /* WSPickerView.h */ = {isa = PBXFileReference; fileEncoding = 4; lastKnownFileType = sourcecode.c.h; path = WSPickerView.h; sourceTree = "<group>"; };
		107C1D3C198BD0D000E1198E /* WSPickerView.m */ = {isa = PBXFileReference; fileEncoding = 4; lastKnownFileType = sourcecode.c.objc; path = WSPickerView.m; sourceTree = "<group>"; };
		107C1D4C198BD3DB00E1198E /* ConfigViewController.h */ = {isa = PBXFileReference; fileEncoding = 4; lastKnownFileType = sourcecode.c.h; path = ConfigViewController.h; sourceTree = "<group>"; };
		107C1D4D198BD3DB00E1198E /* ConfigViewController.m */ = {isa = PBXFileReference; fileEncoding = 4; lastKnownFileType = sourcecode.c.objc; path = ConfigViewController.m; sourceTree = "<group>"; };
		107C1D4E198BD3DB00E1198E /* ConfigViewController.xib */ = {isa = PBXFileReference; fileEncoding = 4; lastKnownFileType = file.xib; path = ConfigViewController.xib; sourceTree = "<group>"; };
		107C1D51198BD3F900E1198E /* MainViewController.h */ = {isa = PBXFileReference; fileEncoding = 4; lastKnownFileType = sourcecode.c.h; path = MainViewController.h; sourceTree = "<group>"; };
		107C1D52198BD3F900E1198E /* MainViewController.m */ = {isa = PBXFileReference; fileEncoding = 4; lastKnownFileType = sourcecode.c.objc; path = MainViewController.m; sourceTree = "<group>"; };
		107C1D53198BD3F900E1198E /* MainViewController.xib */ = {isa = PBXFileReference; fileEncoding = 4; lastKnownFileType = file.xib; path = MainViewController.xib; sourceTree = "<group>"; };
		107C1D56198BD41100E1198E /* UserViewController.h */ = {isa = PBXFileReference; fileEncoding = 4; lastKnownFileType = sourcecode.c.h; path = UserViewController.h; sourceTree = "<group>"; };
		107C1D57198BD41100E1198E /* UserViewController.m */ = {isa = PBXFileReference; fileEncoding = 4; lastKnownFileType = sourcecode.c.objc; path = UserViewController.m; sourceTree = "<group>"; };
		107C1D58198BD41100E1198E /* UserViewController.xib */ = {isa = PBXFileReference; fileEncoding = 4; lastKnownFileType = file.xib; path = UserViewController.xib; sourceTree = "<group>"; };
		107C1D5B198BD43500E1198E /* TargetListViewController.h */ = {isa = PBXFileReference; fileEncoding = 4; lastKnownFileType = sourcecode.c.h; path = TargetListViewController.h; sourceTree = "<group>"; };
		107C1D5C198BD43500E1198E /* TargetListViewController.m */ = {isa = PBXFileReference; fileEncoding = 4; lastKnownFileType = sourcecode.c.objc; path = TargetListViewController.m; sourceTree = "<group>"; };
		107C1D5D198BD43500E1198E /* TargetListViewController.xib */ = {isa = PBXFileReference; fileEncoding = 4; lastKnownFileType = file.xib; path = TargetListViewController.xib; sourceTree = "<group>"; };
		107C1D61198BD4A900E1198E /* ThirdLoginViewController.h */ = {isa = PBXFileReference; fileEncoding = 4; lastKnownFileType = sourcecode.c.h; path = ThirdLoginViewController.h; sourceTree = "<group>"; };
		107C1D62198BD4A900E1198E /* ThirdLoginViewController.m */ = {isa = PBXFileReference; fileEncoding = 4; lastKnownFileType = sourcecode.c.objc; path = ThirdLoginViewController.m; sourceTree = "<group>"; };
		107C1D63198BD4A900E1198E /* ThirdLoginViewController.xib */ = {isa = PBXFileReference; fileEncoding = 4; lastKnownFileType = file.xib; path = ThirdLoginViewController.xib; sourceTree = "<group>"; };
		107C1D67198BD4C500E1198E /* LoginViewController.h */ = {isa = PBXFileReference; fileEncoding = 4; lastKnownFileType = sourcecode.c.h; path = LoginViewController.h; sourceTree = "<group>"; };
		107C1D68198BD4C500E1198E /* LoginViewController.m */ = {isa = PBXFileReference; fileEncoding = 4; lastKnownFileType = sourcecode.c.objc; path = LoginViewController.m; sourceTree = "<group>"; };
		107C1D69198BD4C500E1198E /* LoginViewController.xib */ = {isa = PBXFileReference; fileEncoding = 4; lastKnownFileType = file.xib; path = LoginViewController.xib; sourceTree = "<group>"; };
		107C1D6D198BD4E200E1198E /* RegViewController.h */ = {isa = PBXFileReference; fileEncoding = 4; lastKnownFileType = sourcecode.c.h; path = RegViewController.h; sourceTree = "<group>"; };
		107C1D6E198BD4E200E1198E /* RegViewController.m */ = {isa = PBXFileReference; fileEncoding = 4; lastKnownFileType = sourcecode.c.objc; path = RegViewController.m; sourceTree = "<group>"; };
		107C1D6F198BD4E200E1198E /* RegViewController.xib */ = {isa = PBXFileReference; fileEncoding = 4; lastKnownFileType = file.xib; path = RegViewController.xib; sourceTree = "<group>"; };
		107C1D73198BD64F00E1198E /* WSTabBarController.h */ = {isa = PBXFileReference; fileEncoding = 4; lastKnownFileType = sourcecode.c.h; path = WSTabBarController.h; sourceTree = "<group>"; };
		107C1D74198BD64F00E1198E /* WSTabBarController.m */ = {isa = PBXFileReference; fileEncoding = 4; lastKnownFileType = sourcecode.c.objc; path = WSTabBarController.m; sourceTree = "<group>"; };
		107C1D75198BD64F00E1198E /* WSTabBarController.xib */ = {isa = PBXFileReference; fileEncoding = 4; lastKnownFileType = file.xib; path = WSTabBarController.xib; sourceTree = "<group>"; };
		107C1D79198BD9B700E1198E /* NavView.h */ = {isa = PBXFileReference; fileEncoding = 4; lastKnownFileType = sourcecode.c.h; path = NavView.h; sourceTree = "<group>"; };
		107C1D7A198BD9B700E1198E /* NavView.m */ = {isa = PBXFileReference; fileEncoding = 4; lastKnownFileType = sourcecode.c.objc; path = NavView.m; sourceTree = "<group>"; };
		107C1D7C198BD9D300E1198E /* NavView.xib */ = {isa = PBXFileReference; fileEncoding = 4; lastKnownFileType = file.xib; path = NavView.xib; sourceTree = "<group>"; };
/* End PBXFileReference section */

/* Begin PBXFrameworksBuildPhase section */
		107C1C43198BCFDD00E1198E /* Frameworks */ = {
			isa = PBXFrameworksBuildPhase;
			buildActionMask = 2147483647;
			files = (
				107C1C4C198BCFDD00E1198E /* CoreGraphics.framework in Frameworks */,
				107C1C4E198BCFDD00E1198E /* UIKit.framework in Frameworks */,
				107C1C4A198BCFDD00E1198E /* Foundation.framework in Frameworks */,
			);
			runOnlyForDeploymentPostprocessing = 0;
		};
		107C1C5E198BCFDD00E1198E /* Frameworks */ = {
			isa = PBXFrameworksBuildPhase;
			buildActionMask = 2147483647;
			files = (
				107C1C63198BCFDD00E1198E /* XCTest.framework in Frameworks */,
				107C1C65198BCFDD00E1198E /* UIKit.framework in Frameworks */,
				107C1C64198BCFDD00E1198E /* Foundation.framework in Frameworks */,
			);
			runOnlyForDeploymentPostprocessing = 0;
		};
/* End PBXFrameworksBuildPhase section */

/* Begin PBXGroup section */
		107C1C3D198BCFDD00E1198E = {
			isa = PBXGroup;
			children = (
				107C1D27198BD0D000E1198E /* Global */,
				107C1D0A198BD0C400E1198E /* URLConnect */,
				107C1D12198BD0C500E1198E /* WSKit */,
				107C1C78198BD0A800E1198E /* resouce */,
				107C1C4F198BCFDD00E1198E /* DuiZhun */,
				107C1C68198BCFDD00E1198E /* DuiZhunTests */,
				107C1C48198BCFDD00E1198E /* Frameworks */,
				107C1C47198BCFDD00E1198E /* Products */,
			);
			sourceTree = "<group>";
		};
		107C1C47198BCFDD00E1198E /* Products */ = {
			isa = PBXGroup;
			children = (
				107C1C46198BCFDD00E1198E /* DuiZhun.app */,
				107C1C61198BCFDD00E1198E /* DuiZhunTests.xctest */,
			);
			name = Products;
			sourceTree = "<group>";
		};
		107C1C48198BCFDD00E1198E /* Frameworks */ = {
			isa = PBXGroup;
			children = (
				107C1C49198BCFDD00E1198E /* Foundation.framework */,
				107C1C4B198BCFDD00E1198E /* CoreGraphics.framework */,
				107C1C4D198BCFDD00E1198E /* UIKit.framework */,
				107C1C62198BCFDD00E1198E /* XCTest.framework */,
			);
			name = Frameworks;
			sourceTree = "<group>";
		};
		107C1C4F198BCFDD00E1198E /* DuiZhun */ = {
			isa = PBXGroup;
			children = (
				107C1D78198BD98B00E1198E /* navView */,
				107C1D60198BD47900E1198E /* LoginView */,
				107C1D4B198BD38B00E1198E /* configView */,
				107C1D48198BD37D00E1198E /* mainView */,
				107C1D49198BD37D00E1198E /* myRecordView */,
				107C1D4A198BD37D00E1198E /* targetListVIew */,
				107C1C58198BCFDD00E1198E /* AppDelegate.h */,
				107C1C59198BCFDD00E1198E /* AppDelegate.m */,
				107C1C5B198BCFDD00E1198E /* Images.xcassets */,
				107C1C50198BCFDD00E1198E /* Supporting Files */,
			);
			path = DuiZhun;
			sourceTree = "<group>";
		};
		107C1C50198BCFDD00E1198E /* Supporting Files */ = {
			isa = PBXGroup;
			children = (
				107C1C51198BCFDD00E1198E /* DuiZhun-Info.plist */,
				107C1C52198BCFDD00E1198E /* InfoPlist.strings */,
				107C1C55198BCFDD00E1198E /* main.m */,
				107C1C57198BCFDD00E1198E /* DuiZhun-Prefix.pch */,
			);
			name = "Supporting Files";
			sourceTree = "<group>";
		};
		107C1C68198BCFDD00E1198E /* DuiZhunTests */ = {
			isa = PBXGroup;
			children = (
				107C1C6E198BCFDD00E1198E /* DuiZhunTests.m */,
				107C1C69198BCFDD00E1198E /* Supporting Files */,
			);
			path = DuiZhunTests;
			sourceTree = "<group>";
		};
		107C1C69198BCFDD00E1198E /* Supporting Files */ = {
			isa = PBXGroup;
			children = (
				107C1C6A198BCFDD00E1198E /* DuiZhunTests-Info.plist */,
				107C1C6B198BCFDD00E1198E /* InfoPlist.strings */,
			);
			name = "Supporting Files";
			sourceTree = "<group>";
		};
		107C1C78198BD0A800E1198E /* resouce */ = {
			isa = PBXGroup;
			children = (
				107C1C79198BD0A800E1198E /* AFNetworking */,
				107C1C9B198BD0A800E1198E /* Database */,
				107C1C9D198BD0A800E1198E /* DES */,
				107C1C9E198BD0A800E1198E /* EGORefresh */,
				107C1CA1198BD0A800E1198E /* Hash */,
				107C1CA4198BD0A800E1198E /* inc */,
				107C1CC9198BD0A800E1198E /* JSONKit */,
				107C1CCA198BD0A800E1198E /* MBProgressHUD */,
				107C1CCD198BD0A800E1198E /* Reachability */,
				107C1CCE198BD0A800E1198E /* SBJson */,
				107C1CE8198BD0A800E1198E /* ZBarSDK */,
			);
			path = resouce;
			sourceTree = "<group>";
		};
		107C1C79198BD0A800E1198E /* AFNetworking */ = {
			isa = PBXGroup;
			children = (
				107C1C7A198BD0A800E1198E /* AFHTTPClient.h */,
				107C1C7B198BD0A800E1198E /* AFHTTPClient.m */,
				107C1C7C198BD0A800E1198E /* AFHTTPRequestOperation.h */,
				107C1C7D198BD0A800E1198E /* AFHTTPRequestOperation.m */,
				107C1C7E198BD0A800E1198E /* AFImageRequestOperation.h */,
				107C1C7F198BD0A800E1198E /* AFImageRequestOperation.m */,
				107C1C80198BD0A800E1198E /* AFJSONRequestOperation.h */,
				107C1C81198BD0A800E1198E /* AFJSONRequestOperation.m */,
				107C1C82198BD0A800E1198E /* AFNetworkActivityIndicatorManager.h */,
				107C1C83198BD0A800E1198E /* AFNetworkActivityIndicatorManager.m */,
				107C1C84198BD0A800E1198E /* AFNetworking.h */,
				107C1C85198BD0A800E1198E /* AFPropertyListRequestOperation.h */,
				107C1C86198BD0A800E1198E /* AFPropertyListRequestOperation.m */,
				107C1C87198BD0A800E1198E /* AFURLConnectionOperation.h */,
				107C1C88198BD0A800E1198E /* AFURLConnectionOperation.m */,
				107C1C89198BD0A800E1198E /* AFXMLRequestOperation.h */,
				107C1C8A198BD0A800E1198E /* AFXMLRequestOperation.m */,
				107C1C8B198BD0A800E1198E /* UIImageView+AFNetworking.h */,
				107C1C8C198BD0A800E1198E /* UIImageView+AFNetworking.m */,
			);
			path = AFNetworking;
			sourceTree = "<group>";
		};
		107C1C9B198BD0A800E1198E /* Database */ = {
			isa = PBXGroup;
			children = (
				107C1C9C198BD0A800E1198E /* FMDB */,
			);
			path = Database;
			sourceTree = "<group>";
		};
		107C1C9C198BD0A800E1198E /* FMDB */ = {
			isa = PBXGroup;
			children = (
			);
			path = FMDB;
			sourceTree = "<group>";
		};
		107C1C9D198BD0A800E1198E /* DES */ = {
			isa = PBXGroup;
			children = (
			);
			path = DES;
			sourceTree = "<group>";
		};
		107C1C9E198BD0A800E1198E /* EGORefresh */ = {
			isa = PBXGroup;
			children = (
				107C1C9F198BD0A800E1198E /* EGORefreshTableHeaderView.h */,
				107C1CA0198BD0A800E1198E /* EGORefreshTableHeaderView.m */,
			);
			path = EGORefresh;
			sourceTree = "<group>";
		};
		107C1CA1198BD0A800E1198E /* Hash */ = {
			isa = PBXGroup;
			children = (
				107C1CA2198BD0A800E1198E /* NSString+Hashing.h */,
				107C1CA3198BD0A800E1198E /* NSString+Hashing.m */,
			);
			path = Hash;
			sourceTree = "<group>";
		};
		107C1CA4198BD0A800E1198E /* inc */ = {
			isa = PBXGroup;
			children = (
				107C1CA5198BD0A800E1198E /* BMapKit.h */,
				107C1CA6198BD0A800E1198E /* BMKActionPaopaoView.h */,
				107C1CA7198BD0A800E1198E /* BMKAnnotation.h */,
				107C1CA8198BD0A800E1198E /* BMKAnnotationView.h */,
				107C1CA9198BD0A800E1198E /* BMKArcline.h */,
				107C1CAA198BD0A800E1198E /* BMKArclineView.h */,
				107C1CAB198BD0A800E1198E /* BMKBaseComponent.h */,
				107C1CAC198BD0A800E1198E /* BMKCircle.h */,
				107C1CAD198BD0A800E1198E /* BMKCircleView.h */,
				107C1CAE198BD0A800E1198E /* BMKGeneralDelegate.h */,
				107C1CAF198BD0A800E1198E /* BMKGroundOverlay.h */,
				107C1CB0198BD0A800E1198E /* BMKGroundOverlayView.h */,
				107C1CB1198BD0A800E1198E /* BMKLocationComponent.h */,
				107C1CB2198BD0A800E1198E /* BMKLocationService.h */,
				107C1CB3198BD0A800E1198E /* BMKLocationViewDisplayParam.h */,
				107C1CB4198BD0A800E1198E /* BMKMapComponent.h */,
				107C1CB5198BD0A800E1198E /* BMKMapManager.h */,
				107C1CB6198BD0A800E1198E /* BMKMapStatus.h */,
				107C1CB7198BD0A800E1198E /* BMKMapView.h */,
				107C1CB8198BD0A800E1198E /* BMKMultiPoint.h */,
				107C1CB9198BD0A800E1198E /* BMKOfflineMap.h */,
				107C1CBA198BD0A800E1198E /* BMKOfflineMapType.h */,
				107C1CBB198BD0A800E1198E /* BMKOverlay.h */,
				107C1CBC198BD0A800E1198E /* BMKOverlayGLBasicView.h */,
				107C1CBD198BD0A800E1198E /* BMKOverlayPathView.h */,
				107C1CBE198BD0A800E1198E /* BMKOverlayView.h */,
				107C1CBF198BD0A800E1198E /* BMKPinAnnotationView.h */,
				107C1CC0198BD0A800E1198E /* BMKPointAnnotation.h */,
				107C1CC1198BD0A800E1198E /* BMKPolygon.h */,
				107C1CC2198BD0A800E1198E /* BMKPolygonView.h */,
				107C1CC3198BD0A800E1198E /* BMKPolyline.h */,
				107C1CC4198BD0A800E1198E /* BMKPolylineView.h */,
				107C1CC5198BD0A800E1198E /* BMKShape.h */,
				107C1CC6198BD0A800E1198E /* BMKTypes.h */,
				107C1CC7198BD0A800E1198E /* BMKUserLocation.h */,
				107C1CC8198BD0A800E1198E /* BMKVersion.h */,
			);
			path = inc;
			sourceTree = "<group>";
		};
		107C1CC9198BD0A800E1198E /* JSONKit */ = {
			isa = PBXGroup;
			children = (
			);
			path = JSONKit;
			sourceTree = "<group>";
		};
		107C1CCA198BD0A800E1198E /* MBProgressHUD */ = {
			isa = PBXGroup;
			children = (
				107C1CCB198BD0A800E1198E /* MBProgressHUD.h */,
				107C1CCC198BD0A800E1198E /* MBProgressHUD.m */,
			);
			path = MBProgressHUD;
			sourceTree = "<group>";
		};
		107C1CCD198BD0A800E1198E /* Reachability */ = {
			isa = PBXGroup;
			children = (
			);
			path = Reachability;
			sourceTree = "<group>";
		};
		107C1CCE198BD0A800E1198E /* SBJson */ = {
			isa = PBXGroup;
			children = (
				107C1CCF198BD0A800E1198E /* NSObject+SBJson.h */,
				107C1CD0198BD0A800E1198E /* NSObject+SBJson.m */,
				107C1CD1198BD0A800E1198E /* SBJson.h */,
				107C1CD2198BD0A800E1198E /* SBJsonParser.h */,
				107C1CD3198BD0A800E1198E /* SBJsonParser.m */,
				107C1CD4198BD0A800E1198E /* SBJsonStreamParser.h */,
				107C1CD5198BD0A800E1198E /* SBJsonStreamParser.m */,
				107C1CD6198BD0A800E1198E /* SBJsonStreamParserAccumulator.h */,
				107C1CD7198BD0A800E1198E /* SBJsonStreamParserAccumulator.m */,
				107C1CD8198BD0A800E1198E /* SBJsonStreamParserAdapter.h */,
				107C1CD9198BD0A800E1198E /* SBJsonStreamParserAdapter.m */,
				107C1CDA198BD0A800E1198E /* SBJsonStreamParserState.h */,
				107C1CDB198BD0A800E1198E /* SBJsonStreamParserState.m */,
				107C1CDC198BD0A800E1198E /* SBJsonStreamWriter.h */,
				107C1CDD198BD0A800E1198E /* SBJsonStreamWriter.m */,
				107C1CDE198BD0A800E1198E /* SBJsonStreamWriterAccumulator.h */,
				107C1CDF198BD0A800E1198E /* SBJsonStreamWriterAccumulator.m */,
				107C1CE0198BD0A800E1198E /* SBJsonStreamWriterState.h */,
				107C1CE1198BD0A800E1198E /* SBJsonStreamWriterState.m */,
				107C1CE2198BD0A800E1198E /* SBJsonTokeniser.h */,
				107C1CE3198BD0A800E1198E /* SBJsonTokeniser.m */,
				107C1CE4198BD0A800E1198E /* SBJsonUTF8Stream.h */,
				107C1CE5198BD0A800E1198E /* SBJsonUTF8Stream.m */,
				107C1CE6198BD0A800E1198E /* SBJsonWriter.h */,
				107C1CE7198BD0A800E1198E /* SBJsonWriter.m */,
			);
			path = SBJson;
			sourceTree = "<group>";
		};
		107C1CE8198BD0A800E1198E /* ZBarSDK */ = {
			isa = PBXGroup;
			children = (
				107C1CE9198BD0A800E1198E /* Headers */,
				107C1CEC198BD0A800E1198E /* Resources */,
			);
			path = ZBarSDK;
			sourceTree = "<group>";
		};
		107C1CE9198BD0A800E1198E /* Headers */ = {
			isa = PBXGroup;
			children = (
				107C1CEA198BD0A800E1198E /* ZBarSDK */,
			);
			path = Headers;
			sourceTree = "<group>";
		};
		107C1CEA198BD0A800E1198E /* ZBarSDK */ = {
			isa = PBXGroup;
			children = (
				107C1CEB198BD0A800E1198E /* zbar */,
			);
			path = ZBarSDK;
			sourceTree = "<group>";
		};
		107C1CEB198BD0A800E1198E /* zbar */ = {
			isa = PBXGroup;
			children = (
			);
			path = zbar;
			sourceTree = "<group>";
		};
		107C1CEC198BD0A800E1198E /* Resources */ = {
			isa = PBXGroup;
			children = (
			);
			path = Resources;
			sourceTree = "<group>";
		};
		107C1D0A198BD0C400E1198E /* URLConnect */ = {
			isa = PBXGroup;
			children = (
				107C1D0B198BD0C400E1198E /* HTTPClient.h */,
				107C1D0C198BD0C400E1198E /* HTTPClient.m */,
				107C1D0D198BD0C400E1198E /* HTTPRequest */,
			);
			path = URLConnect;
			sourceTree = "<group>";
		};
		107C1D0D198BD0C400E1198E /* HTTPRequest */ = {
			isa = PBXGroup;
			children = (
				107C1D0E198BD0C400E1198E /* CacheHanding.h */,
				107C1D0F198BD0C400E1198E /* CacheHanding.m */,
				107C1D10198BD0C400E1198E /* ServerRequest.h */,
				107C1D11198BD0C500E1198E /* ServerRequest.m */,
			);
			path = HTTPRequest;
			sourceTree = "<group>";
		};
		107C1D12198BD0C500E1198E /* WSKit */ = {
			isa = PBXGroup;
			children = (
				107C1D72198BD64F00E1198E /* TabbarCtl */,
				107C1D13198BD0C500E1198E /* baseController */,
				107C1D1A198BD0C500E1198E /* webView */,
				107C1D1D198BD0C500E1198E /* WSScrollViewController.h */,
				107C1D1E198BD0C500E1198E /* WSScrollViewController.m */,
			);
			path = WSKit;
			sourceTree = "<group>";
		};
		107C1D13198BD0C500E1198E /* baseController */ = {
			isa = PBXGroup;
			children = (
				107C1D14198BD0C500E1198E /* BaseNavigationController.h */,
				107C1D15198BD0C500E1198E /* BaseNavigationController.m */,
				107C1D16198BD0C500E1198E /* BaseTableViewController.h */,
				107C1D17198BD0C500E1198E /* BaseTableViewController.m */,
				107C1D18198BD0C500E1198E /* BaseViewController.h */,
				107C1D19198BD0C500E1198E /* BaseViewController.m */,
			);
			path = baseController;
			sourceTree = "<group>";
		};
		107C1D1A198BD0C500E1198E /* webView */ = {
			isa = PBXGroup;
			children = (
				107C1D1B198BD0C500E1198E /* WebViewController.h */,
				107C1D1C198BD0C500E1198E /* WebViewController.m */,
			);
			path = webView;
			sourceTree = "<group>";
		};
		107C1D27198BD0D000E1198E /* Global */ = {
			isa = PBXGroup;
			children = (
				107C1D28198BD0D000E1198E /* BaseCell.h */,
				107C1D29198BD0D000E1198E /* BaseCell.m */,
				107C1D2A198BD0D000E1198E /* BaseModel.h */,
				107C1D2B198BD0D000E1198E /* BaseModel.m */,
				107C1D2C198BD0D000E1198E /* CityPickerView.h */,
				107C1D2D198BD0D000E1198E /* CityPickerView.m */,
				107C1D2E198BD0D000E1198E /* Controllers.h */,
				107C1D2F198BD0D000E1198E /* Controllers.m */,
				107C1D30198BD0D000E1198E /* GlobalConfig.h */,
				107C1D31198BD0D000E1198E /* GlobalConfig.m */,
				107C1D32198BD0D000E1198E /* MapTest.h */,
				107C1D33198BD0D000E1198E /* MapTest.mm */,
				107C1D34198BD0D000E1198E /* MoshDefine.h */,
				107C1D35198BD0D000E1198E /* MoshDefine.m */,
				107C1D36198BD0D000E1198E /* Provinces.plist */,
				107C1D37198BD0D000E1198E /* URLDefine.h */,
				107C1D38198BD0D000E1198E /* URLDefine.m */,
				107C1D39198BD0D000E1198E /* WSDatePickerView.h */,
				107C1D3A198BD0D000E1198E /* WSDatePickerView.m */,
				107C1D3B198BD0D000E1198E /* WSPickerView.h */,
				107C1D3C198BD0D000E1198E /* WSPickerView.m */,
			);
			path = Global;
			sourceTree = "<group>";
		};
		107C1D48198BD37D00E1198E /* mainView */ = {
			isa = PBXGroup;
			children = (
				107C1D51198BD3F900E1198E /* MainViewController.h */,
				107C1D52198BD3F900E1198E /* MainViewController.m */,
				107C1D53198BD3F900E1198E /* MainViewController.xib */,
			);
			path = mainView;
			sourceTree = "<group>";
		};
		107C1D49198BD37D00E1198E /* myRecordView */ = {
			isa = PBXGroup;
			children = (
				107C1D56198BD41100E1198E /* UserViewController.h */,
				107C1D57198BD41100E1198E /* UserViewController.m */,
				107C1D58198BD41100E1198E /* UserViewController.xib */,
			);
			path = myRecordView;
			sourceTree = "<group>";
		};
		107C1D4A198BD37D00E1198E /* targetListVIew */ = {
			isa = PBXGroup;
			children = (
				107C1D5B198BD43500E1198E /* TargetListViewController.h */,
				107C1D5C198BD43500E1198E /* TargetListViewController.m */,
				107C1D5D198BD43500E1198E /* TargetListViewController.xib */,
			);
			path = targetListVIew;
			sourceTree = "<group>";
		};
		107C1D4B198BD38B00E1198E /* configView */ = {
			isa = PBXGroup;
			children = (
				107C1D4C198BD3DB00E1198E /* ConfigViewController.h */,
				107C1D4D198BD3DB00E1198E /* ConfigViewController.m */,
				107C1D4E198BD3DB00E1198E /* ConfigViewController.xib */,
			);
			path = configView;
			sourceTree = "<group>";
		};
		107C1D60198BD47900E1198E /* LoginView */ = {
			isa = PBXGroup;
			children = (
				107C1D6C198BD4C900E1198E /* reg */,
				107C1D66198BD4AF00E1198E /* login */,
				107C1D61198BD4A900E1198E /* ThirdLoginViewController.h */,
				107C1D62198BD4A900E1198E /* ThirdLoginViewController.m */,
				107C1D63198BD4A900E1198E /* ThirdLoginViewController.xib */,
			);
			path = LoginView;
			sourceTree = "<group>";
		};
		107C1D66198BD4AF00E1198E /* login */ = {
			isa = PBXGroup;
			children = (
				107C1D67198BD4C500E1198E /* LoginViewController.h */,
				107C1D68198BD4C500E1198E /* LoginViewController.m */,
				107C1D69198BD4C500E1198E /* LoginViewController.xib */,
			);
			name = login;
			sourceTree = "<group>";
		};
		107C1D6C198BD4C900E1198E /* reg */ = {
			isa = PBXGroup;
			children = (
				107C1D6D198BD4E200E1198E /* RegViewController.h */,
				107C1D6E198BD4E200E1198E /* RegViewController.m */,
				107C1D6F198BD4E200E1198E /* RegViewController.xib */,
			);
			name = reg;
			sourceTree = "<group>";
		};
		107C1D72198BD64F00E1198E /* TabbarCtl */ = {
			isa = PBXGroup;
			children = (
				107C1D73198BD64F00E1198E /* WSTabBarController.h */,
				107C1D74198BD64F00E1198E /* WSTabBarController.m */,
				107C1D75198BD64F00E1198E /* WSTabBarController.xib */,
			);
			path = TabbarCtl;
			sourceTree = "<group>";
		};
		107C1D78198BD98B00E1198E /* navView */ = {
			isa = PBXGroup;
			children = (
				107C1D79198BD9B700E1198E /* NavView.h */,
				107C1D7A198BD9B700E1198E /* NavView.m */,
				107C1D7C198BD9D300E1198E /* NavView.xib */,
			);
			path = navView;
			sourceTree = "<group>";
		};
/* End PBXGroup section */

/* Begin PBXNativeTarget section */
		107C1C45198BCFDD00E1198E /* DuiZhun */ = {
			isa = PBXNativeTarget;
			buildConfigurationList = 107C1C72198BCFDD00E1198E /* Build configuration list for PBXNativeTarget "DuiZhun" */;
			buildPhases = (
				107C1C42198BCFDD00E1198E /* Sources */,
				107C1C43198BCFDD00E1198E /* Frameworks */,
				107C1C44198BCFDD00E1198E /* Resources */,
			);
			buildRules = (
			);
			dependencies = (
			);
			name = DuiZhun;
			productName = DuiZhun;
			productReference = 107C1C46198BCFDD00E1198E /* DuiZhun.app */;
			productType = "com.apple.product-type.application";
		};
		107C1C60198BCFDD00E1198E /* DuiZhunTests */ = {
			isa = PBXNativeTarget;
			buildConfigurationList = 107C1C75198BCFDD00E1198E /* Build configuration list for PBXNativeTarget "DuiZhunTests" */;
			buildPhases = (
				107C1C5D198BCFDD00E1198E /* Sources */,
				107C1C5E198BCFDD00E1198E /* Frameworks */,
				107C1C5F198BCFDD00E1198E /* Resources */,
			);
			buildRules = (
			);
			dependencies = (
				107C1C67198BCFDD00E1198E /* PBXTargetDependency */,
			);
			name = DuiZhunTests;
			productName = DuiZhunTests;
			productReference = 107C1C61198BCFDD00E1198E /* DuiZhunTests.xctest */;
			productType = "com.apple.product-type.bundle.unit-test";
		};
/* End PBXNativeTarget section */

/* Begin PBXProject section */
		107C1C3E198BCFDD00E1198E /* Project object */ = {
			isa = PBXProject;
			attributes = {
				LastUpgradeCheck = 0510;
				ORGANIZATIONNAME = mosh;
				TargetAttributes = {
					107C1C60198BCFDD00E1198E = {
						TestTargetID = 107C1C45198BCFDD00E1198E;
					};
				};
			};
			buildConfigurationList = 107C1C41198BCFDD00E1198E /* Build configuration list for PBXProject "DuiZhun" */;
			compatibilityVersion = "Xcode 3.2";
			developmentRegion = English;
			hasScannedForEncodings = 0;
			knownRegions = (
				en,
			);
			mainGroup = 107C1C3D198BCFDD00E1198E;
			productRefGroup = 107C1C47198BCFDD00E1198E /* Products */;
			projectDirPath = "";
			projectRoot = "";
			targets = (
				107C1C45198BCFDD00E1198E /* DuiZhun */,
				107C1C60198BCFDD00E1198E /* DuiZhunTests */,
			);
		};
/* End PBXProject section */

/* Begin PBXResourcesBuildPhase section */
		107C1C44198BCFDD00E1198E /* Resources */ = {
			isa = PBXResourcesBuildPhase;
			buildActionMask = 2147483647;
			files = (
				107C1D65198BD4A900E1198E /* ThirdLoginViewController.xib in Resources */,
				107C1D71198BD4E200E1198E /* RegViewController.xib in Resources */,
				107C1C54198BCFDD00E1198E /* InfoPlist.strings in Resources */,
				107C1D5A198BD41100E1198E /* UserViewController.xib in Resources */,
				107C1D44198BD0D000E1198E /* Provinces.plist in Resources */,
				107C1D55198BD3F900E1198E /* MainViewController.xib in Resources */,
				107C1D77198BD64F00E1198E /* WSTabBarController.xib in Resources */,
				107C1D50198BD3DB00E1198E /* ConfigViewController.xib in Resources */,
				107C1D7D198BD9D300E1198E /* NavView.xib in Resources */,
				107C1C5C198BCFDD00E1198E /* Images.xcassets in Resources */,
				107C1D5F198BD43500E1198E /* TargetListViewController.xib in Resources */,
				107C1D6B198BD4C500E1198E /* LoginViewController.xib in Resources */,
			);
			runOnlyForDeploymentPostprocessing = 0;
		};
		107C1C5F198BCFDD00E1198E /* Resources */ = {
			isa = PBXResourcesBuildPhase;
			buildActionMask = 2147483647;
			files = (
				107C1C6D198BCFDD00E1198E /* InfoPlist.strings in Resources */,
			);
			runOnlyForDeploymentPostprocessing = 0;
		};
/* End PBXResourcesBuildPhase section */

/* Begin PBXSourcesBuildPhase section */
		107C1C42198BCFDD00E1198E /* Sources */ = {
			isa = PBXSourcesBuildPhase;
			buildActionMask = 2147483647;
			files = (
				107C1D41198BD0D000E1198E /* GlobalConfig.m in Sources */,
				107C1CFF198BD0A800E1198E /* SBJsonParser.m in Sources */,
				107C1D01198BD0A800E1198E /* SBJsonStreamParserAccumulator.m in Sources */,
				107C1D07198BD0A800E1198E /* SBJsonTokeniser.m in Sources */,
				107C1D42198BD0D000E1198E /* MapTest.mm in Sources */,
				107C1CEE198BD0A800E1198E /* AFHTTPRequestOperation.m in Sources */,
				107C1CEF198BD0A800E1198E /* AFImageRequestOperation.m in Sources */,
				107C1D54198BD3F900E1198E /* MainViewController.m in Sources */,
				107C1D64198BD4A900E1198E /* ThirdLoginViewController.m in Sources */,
				107C1D6A198BD4C500E1198E /* LoginViewController.m in Sources */,
				107C1CF2198BD0A800E1198E /* AFPropertyListRequestOperation.m in Sources */,
				107C1D1F198BD0C500E1198E /* HTTPClient.m in Sources */,
				107C1CF0198BD0A800E1198E /* AFJSONRequestOperation.m in Sources */,
				107C1D26198BD0C500E1198E /* WSScrollViewController.m in Sources */,
				107C1D04198BD0A800E1198E /* SBJsonStreamWriter.m in Sources */,
				107C1D23198BD0C500E1198E /* BaseTableViewController.m in Sources */,
				107C1D46198BD0D000E1198E /* WSDatePickerView.m in Sources */,
				107C1D45198BD0D000E1198E /* URLDefine.m in Sources */,
				107C1D47198BD0D000E1198E /* WSPickerView.m in Sources */,
				107C1CFC198BD0A800E1198E /* NSString+Hashing.m in Sources */,
				107C1CFD198BD0A800E1198E /* MBProgressHUD.m in Sources */,
				107C1CF3198BD0A800E1198E /* AFURLConnectionOperation.m in Sources */,
				107C1D40198BD0D000E1198E /* Controllers.m in Sources */,
				107C1D4F198BD3DB00E1198E /* ConfigViewController.m in Sources */,
				107C1D21198BD0C500E1198E /* ServerRequest.m in Sources */,
				107C1CFB198BD0A800E1198E /* EGORefreshTableHeaderView.m in Sources */,
				107C1C5A198BCFDD00E1198E /* AppDelegate.m in Sources */,
				107C1CF4198BD0A800E1198E /* AFXMLRequestOperation.m in Sources */,
				107C1D25198BD0C500E1198E /* WebViewController.m in Sources */,
				107C1D05198BD0A800E1198E /* SBJsonStreamWriterAccumulator.m in Sources */,
				107C1C56198BCFDD00E1198E /* main.m in Sources */,
				107C1CF1198BD0A800E1198E /* AFNetworkActivityIndicatorManager.m in Sources */,
				107C1CF5198BD0A800E1198E /* UIImageView+AFNetworking.m in Sources */,
				107C1D06198BD0A800E1198E /* SBJsonStreamWriterState.m in Sources */,
				107C1D7B198BD9B700E1198E /* NavView.m in Sources */,
				107C1D08198BD0A800E1198E /* SBJsonUTF8Stream.m in Sources */,
				107C1D59198BD41100E1198E /* UserViewController.m in Sources */,
				107C1D3E198BD0D000E1198E /* BaseModel.m in Sources */,
				107C1CFE198BD0A800E1198E /* NSObject+SBJson.m in Sources */,
				107C1D70198BD4E200E1198E /* RegViewController.m in Sources */,
				107C1CED198BD0A800E1198E /* AFHTTPClient.m in Sources */,
				107C1D3D198BD0D000E1198E /* BaseCell.m in Sources */,
				107C1D43198BD0D000E1198E /* MoshDefine.m in Sources */,
				107C1D22198BD0C500E1198E /* BaseNavigationController.m in Sources */,
				107C1D76198BD64F00E1198E /* WSTabBarController.m in Sources */,
				107C1D09198BD0A800E1198E /* SBJsonWriter.m in Sources */,
				107C1D24198BD0C500E1198E /* BaseViewController.m in Sources */,
				107C1D00198BD0A800E1198E /* SBJsonStreamParser.m in Sources */,
				107C1D20198BD0C500E1198E /* CacheHanding.m in Sources */,
				107C1D3F198BD0D000E1198E /* CityPickerView.m in Sources */,
				107C1D03198BD0A800E1198E /* SBJsonStreamParserState.m in Sources */,
				107C1D02198BD0A800E1198E /* SBJsonStreamParserAdapter.m in Sources */,
				107C1D5E198BD43500E1198E /* TargetListViewController.m in Sources */,
			);
			runOnlyForDeploymentPostprocessing = 0;
		};
		107C1C5D198BCFDD00E1198E /* Sources */ = {
			isa = PBXSourcesBuildPhase;
			buildActionMask = 2147483647;
			files = (
				107C1C6F198BCFDD00E1198E /* DuiZhunTests.m in Sources */,
			);
			runOnlyForDeploymentPostprocessing = 0;
		};
/* End PBXSourcesBuildPhase section */

/* Begin PBXTargetDependency section */
		107C1C67198BCFDD00E1198E /* PBXTargetDependency */ = {
			isa = PBXTargetDependency;
			target = 107C1C45198BCFDD00E1198E /* DuiZhun */;
			targetProxy = 107C1C66198BCFDD00E1198E /* PBXContainerItemProxy */;
		};
/* End PBXTargetDependency section */

/* Begin PBXVariantGroup section */
		107C1C52198BCFDD00E1198E /* InfoPlist.strings */ = {
			isa = PBXVariantGroup;
			children = (
				107C1C53198BCFDD00E1198E /* en */,
			);
			name = InfoPlist.strings;
			sourceTree = "<group>";
		};
		107C1C6B198BCFDD00E1198E /* InfoPlist.strings */ = {
			isa = PBXVariantGroup;
			children = (
				107C1C6C198BCFDD00E1198E /* en */,
			);
			name = InfoPlist.strings;
			sourceTree = "<group>";
		};
/* End PBXVariantGroup section */

/* Begin XCBuildConfiguration section */
		107C1C70198BCFDD00E1198E /* Debug */ = {
			isa = XCBuildConfiguration;
			buildSettings = {
				ALWAYS_SEARCH_USER_PATHS = NO;
				CLANG_CXX_LANGUAGE_STANDARD = "gnu++0x";
				CLANG_CXX_LIBRARY = "libc++";
				CLANG_ENABLE_MODULES = YES;
				CLANG_ENABLE_OBJC_ARC = YES;
				CLANG_WARN_BOOL_CONVERSION = YES;
				CLANG_WARN_CONSTANT_CONVERSION = YES;
				CLANG_WARN_DIRECT_OBJC_ISA_USAGE = YES_ERROR;
				CLANG_WARN_EMPTY_BODY = YES;
				CLANG_WARN_ENUM_CONVERSION = YES;
				CLANG_WARN_INT_CONVERSION = YES;
				CLANG_WARN_OBJC_ROOT_CLASS = YES_ERROR;
				CLANG_WARN__DUPLICATE_METHOD_MATCH = YES;
				"CODE_SIGN_IDENTITY[sdk=iphoneos*]" = "iPhone Developer";
				COPY_PHASE_STRIP = NO;
				GCC_C_LANGUAGE_STANDARD = gnu99;
				GCC_DYNAMIC_NO_PIC = NO;
				GCC_OPTIMIZATION_LEVEL = 0;
				GCC_PREPROCESSOR_DEFINITIONS = (
					"DEBUG=1",
					"$(inherited)",
				);
				GCC_SYMBOLS_PRIVATE_EXTERN = NO;
				GCC_WARN_64_TO_32_BIT_CONVERSION = YES;
				GCC_WARN_ABOUT_RETURN_TYPE = YES_ERROR;
				GCC_WARN_UNDECLARED_SELECTOR = YES;
				GCC_WARN_UNINITIALIZED_AUTOS = YES_AGGRESSIVE;
				GCC_WARN_UNUSED_FUNCTION = YES;
				GCC_WARN_UNUSED_VARIABLE = YES;
				IPHONEOS_DEPLOYMENT_TARGET = 7.1;
				ONLY_ACTIVE_ARCH = YES;
				SDKROOT = iphoneos;
			};
			name = Debug;
		};
		107C1C71198BCFDD00E1198E /* Release */ = {
			isa = XCBuildConfiguration;
			buildSettings = {
				ALWAYS_SEARCH_USER_PATHS = NO;
				CLANG_CXX_LANGUAGE_STANDARD = "gnu++0x";
				CLANG_CXX_LIBRARY = "libc++";
				CLANG_ENABLE_MODULES = YES;
				CLANG_ENABLE_OBJC_ARC = YES;
				CLANG_WARN_BOOL_CONVERSION = YES;
				CLANG_WARN_CONSTANT_CONVERSION = YES;
				CLANG_WARN_DIRECT_OBJC_ISA_USAGE = YES_ERROR;
				CLANG_WARN_EMPTY_BODY = YES;
				CLANG_WARN_ENUM_CONVERSION = YES;
				CLANG_WARN_INT_CONVERSION = YES;
				CLANG_WARN_OBJC_ROOT_CLASS = YES_ERROR;
				CLANG_WARN__DUPLICATE_METHOD_MATCH = YES;
				"CODE_SIGN_IDENTITY[sdk=iphoneos*]" = "iPhone Developer";
				COPY_PHASE_STRIP = YES;
				ENABLE_NS_ASSERTIONS = NO;
				GCC_C_LANGUAGE_STANDARD = gnu99;
				GCC_WARN_64_TO_32_BIT_CONVERSION = YES;
				GCC_WARN_ABOUT_RETURN_TYPE = YES_ERROR;
				GCC_WARN_UNDECLARED_SELECTOR = YES;
				GCC_WARN_UNINITIALIZED_AUTOS = YES_AGGRESSIVE;
				GCC_WARN_UNUSED_FUNCTION = YES;
				GCC_WARN_UNUSED_VARIABLE = YES;
				IPHONEOS_DEPLOYMENT_TARGET = 7.1;
				SDKROOT = iphoneos;
				VALIDATE_PRODUCT = YES;
			};
			name = Release;
		};
		107C1C73198BCFDD00E1198E /* Debug */ = {
			isa = XCBuildConfiguration;
			buildSettings = {
				ASSETCATALOG_COMPILER_APPICON_NAME = AppIcon;
				ASSETCATALOG_COMPILER_LAUNCHIMAGE_NAME = LaunchImage;
				GCC_PRECOMPILE_PREFIX_HEADER = YES;
				GCC_PREFIX_HEADER = "DuiZhun/DuiZhun-Prefix.pch";
				INFOPLIST_FILE = "DuiZhun/DuiZhun-Info.plist";
				IPHONEOS_DEPLOYMENT_TARGET = 7.0;
				PRODUCT_NAME = "$(TARGET_NAME)";
				WRAPPER_EXTENSION = app;
			};
			name = Debug;
		};
		107C1C74198BCFDD00E1198E /* Release */ = {
			isa = XCBuildConfiguration;
			buildSettings = {
				ASSETCATALOG_COMPILER_APPICON_NAME = AppIcon;
				ASSETCATALOG_COMPILER_LAUNCHIMAGE_NAME = LaunchImage;
				GCC_PRECOMPILE_PREFIX_HEADER = YES;
				GCC_PREFIX_HEADER = "DuiZhun/DuiZhun-Prefix.pch";
				INFOPLIST_FILE = "DuiZhun/DuiZhun-Info.plist";
				IPHONEOS_DEPLOYMENT_TARGET = 7.0;
				PRODUCT_NAME = "$(TARGET_NAME)";
				WRAPPER_EXTENSION = app;
			};
			name = Release;
		};
		107C1C76198BCFDD00E1198E /* Debug */ = {
			isa = XCBuildConfiguration;
			buildSettings = {
				BUNDLE_LOADER = "$(BUILT_PRODUCTS_DIR)/DuiZhun.app/DuiZhun";
				FRAMEWORK_SEARCH_PATHS = (
					"$(SDKROOT)/Developer/Library/Frameworks",
					"$(inherited)",
					"$(DEVELOPER_FRAMEWORKS_DIR)",
				);
				GCC_PRECOMPILE_PREFIX_HEADER = YES;
				GCC_PREFIX_HEADER = "DuiZhun/DuiZhun-Prefix.pch";
				GCC_PREPROCESSOR_DEFINITIONS = (
					"DEBUG=1",
					"$(inherited)",
				);
				INFOPLIST_FILE = "DuiZhunTests/DuiZhunTests-Info.plist";
				PRODUCT_NAME = "$(TARGET_NAME)";
				TEST_HOST = "$(BUNDLE_LOADER)";
				WRAPPER_EXTENSION = xctest;
			};
			name = Debug;
		};
		107C1C77198BCFDD00E1198E /* Release */ = {
			isa = XCBuildConfiguration;
			buildSettings = {
				BUNDLE_LOADER = "$(BUILT_PRODUCTS_DIR)/DuiZhun.app/DuiZhun";
				FRAMEWORK_SEARCH_PATHS = (
					"$(SDKROOT)/Developer/Library/Frameworks",
					"$(inherited)",
					"$(DEVELOPER_FRAMEWORKS_DIR)",
				);
				GCC_PRECOMPILE_PREFIX_HEADER = YES;
				GCC_PREFIX_HEADER = "DuiZhun/DuiZhun-Prefix.pch";
				INFOPLIST_FILE = "DuiZhunTests/DuiZhunTests-Info.plist";
				PRODUCT_NAME = "$(TARGET_NAME)";
				TEST_HOST = "$(BUNDLE_LOADER)";
				WRAPPER_EXTENSION = xctest;
			};
			name = Release;
		};
/* End XCBuildConfiguration section */

/* Begin XCConfigurationList section */
		107C1C41198BCFDD00E1198E /* Build configuration list for PBXProject "DuiZhun" */ = {
			isa = XCConfigurationList;
			buildConfigurations = (
				107C1C70198BCFDD00E1198E /* Debug */,
				107C1C71198BCFDD00E1198E /* Release */,
			);
			defaultConfigurationIsVisible = 0;
			defaultConfigurationName = Release;
		};
		107C1C72198BCFDD00E1198E /* Build configuration list for PBXNativeTarget "DuiZhun" */ = {
			isa = XCConfigurationList;
			buildConfigurations = (
				107C1C73198BCFDD00E1198E /* Debug */,
				107C1C74198BCFDD00E1198E /* Release */,
			);
			defaultConfigurationIsVisible = 0;
		};
		107C1C75198BCFDD00E1198E /* Build configuration list for PBXNativeTarget "DuiZhunTests" */ = {
			isa = XCConfigurationList;
			buildConfigurations = (
				107C1C76198BCFDD00E1198E /* Debug */,
				107C1C77198BCFDD00E1198E /* Release */,
			);
			defaultConfigurationIsVisible = 0;
		};
/* End XCConfigurationList section */
	};
	rootObject = 107C1C3E198BCFDD00E1198E /* Project object */;
}
